// !$*UTF8*$!
{
	archiveVersion = 1;
	classes = {
	};
	objectVersion = 46;
	objects = {

/* Begin PBXBuildFile section */
		1C9F2014163E93C3007A170B /* UIKit.framework in Frameworks */ = {isa = PBXBuildFile; fileRef = 1C9F2013163E93C3007A170B /* UIKit.framework */; };
		1C9F2016163E93C3007A170B /* Foundation.framework in Frameworks */ = {isa = PBXBuildFile; fileRef = 1C9F2015163E93C3007A170B /* Foundation.framework */; };
		1C9F2018163E93C3007A170B /* CoreGraphics.framework in Frameworks */ = {isa = PBXBuildFile; fileRef = 1C9F2017163E93C3007A170B /* CoreGraphics.framework */; };
		1C9F206F163E95E9007A170B /* Security.framework in Frameworks */ = {isa = PBXBuildFile; fileRef = 1C9F206E163E95E9007A170B /* Security.framework */; };
		3C00AD691AB71A0700EF6886 /* SettingsCell.m in Sources */ = {isa = PBXBuildFile; fileRef = 3C00AD681AB71A0700EF6886 /* SettingsCell.m */; };
		3C00AD741AB71A6300EF6886 /* AttachmentViewController.m in Sources */ = {isa = PBXBuildFile; fileRef = 3C00AD6B1AB71A6300EF6886 /* AttachmentViewController.m */; };
		3C00AD751AB71A6300EF6886 /* DetailTableViewController.m in Sources */ = {isa = PBXBuildFile; fileRef = 3C00AD6D1AB71A6300EF6886 /* DetailTableViewController.m */; };
		3C00AD761AB71A6300EF6886 /* PreviewViewController.m in Sources */ = {isa = PBXBuildFile; fileRef = 3C00AD6F1AB71A6300EF6886 /* PreviewViewController.m */; };
		3C00AD771AB71A6300EF6886 /* ReceiversViewController.m in Sources */ = {isa = PBXBuildFile; fileRef = 3C00AD711AB71A6300EF6886 /* ReceiversViewController.m */; };
		3C00AD781AB71A6300EF6886 /* SendersViewController.m in Sources */ = {isa = PBXBuildFile; fileRef = 3C00AD731AB71A6300EF6886 /* SendersViewController.m */; };
		3C00AD7B1AB71A7A00EF6886 /* FilterVC.m in Sources */ = {isa = PBXBuildFile; fileRef = 3C00AD7A1AB71A7A00EF6886 /* FilterVC.m */; };
		3C00AD841AB71A8700EF6886 /* BaseListTVC.m in Sources */ = {isa = PBXBuildFile; fileRef = 3C00AD7D1AB71A8700EF6886 /* BaseListTVC.m */; };
		3C00AD851AB71A8700EF6886 /* ProcessedRequestViewController.m in Sources */ = {isa = PBXBuildFile; fileRef = 3C00AD7F1AB71A8700EF6886 /* ProcessedRequestViewController.m */; };
		3C00AD861AB71A8700EF6886 /* RejectedRequestViewController.m in Sources */ = {isa = PBXBuildFile; fileRef = 3C00AD811AB71A8700EF6886 /* RejectedRequestViewController.m */; };
		3C00AD871AB71A8700EF6886 /* UnassignedRequestTableViewController.m in Sources */ = {isa = PBXBuildFile; fileRef = 3C00AD831AB71A8700EF6886 /* UnassignedRequestTableViewController.m */; };
		3C00AD8A1AB71AB400EF6886 /* PFCellContentFactory.m in Sources */ = {isa = PBXBuildFile; fileRef = 3C00AD891AB71AB400EF6886 /* PFCellContentFactory.m */; };
		3C00AD991AB71ACB00EF6886 /* Detail.m in Sources */ = {isa = PBXBuildFile; fileRef = 3C00AD8C1AB71ACB00EF6886 /* Detail.m */; };
		3C00AD9A1AB71ACB00EF6886 /* Document.m in Sources */ = {isa = PBXBuildFile; fileRef = 3C00AD8E1AB71ACB00EF6886 /* Document.m */; };
		3C00AD9B1AB71ACB00EF6886 /* Param.m in Sources */ = {isa = PBXBuildFile; fileRef = 3C00AD901AB71ACB00EF6886 /* Param.m */; };
		3C00AD9C1AB71ACB00EF6886 /* PFRequest.m in Sources */ = {isa = PBXBuildFile; fileRef = 3C00AD921AB71ACB00EF6886 /* PFRequest.m */; };
		3C00AD9D1AB71ACB00EF6886 /* PFRequestResult.m in Sources */ = {isa = PBXBuildFile; fileRef = 3C00AD941AB71ACB00EF6886 /* PFRequestResult.m */; };
		3C00AD9E1AB71ACB00EF6886 /* Preview.m in Sources */ = {isa = PBXBuildFile; fileRef = 3C00AD961AB71ACB00EF6886 /* Preview.m */; };
		3C00AD9F1AB71ACB00EF6886 /* SignLine.m in Sources */ = {isa = PBXBuildFile; fileRef = 3C00AD981AB71ACB00EF6886 /* SignLine.m */; };
		3C00ADA51AB71AD800EF6886 /* AppDelegate.m in Sources */ = {isa = PBXBuildFile; fileRef = 3C00ADA11AB71AD800EF6886 /* AppDelegate.m */; };
		3C00ADA61AB71AD800EF6886 /* main.m in Sources */ = {isa = PBXBuildFile; fileRef = 3C00ADA21AB71AD800EF6886 /* main.m */; };
		3C00ADB41AB71B0B00EF6886 /* Base64Utils.m in Sources */ = {isa = PBXBuildFile; fileRef = 3C00ADA91AB71B0B00EF6886 /* Base64Utils.m */; };
		3C00ADB51AB71B0B00EF6886 /* CertificateUtils.m in Sources */ = {isa = PBXBuildFile; fileRef = 3C00ADAB1AB71B0B00EF6886 /* CertificateUtils.m */; settings = {COMPILER_FLAGS = "-fno-objc-arc"; }; };
		3C00ADB61AB71B0B00EF6886 /* ColorChart.m in Sources */ = {isa = PBXBuildFile; fileRef = 3C00ADAD1AB71B0B00EF6886 /* ColorChart.m */; };
		3C00ADB71AB71B0B00EF6886 /* DateHelper.m in Sources */ = {isa = PBXBuildFile; fileRef = 3C00ADAF1AB71B0B00EF6886 /* DateHelper.m */; };
		3C00ADB81AB71B0B00EF6886 /* PFHelper.m in Sources */ = {isa = PBXBuildFile; fileRef = 3C00ADB11AB71B0B00EF6886 /* PFHelper.m */; };
		3C00ADB91AB71B0B00EF6886 /* QuartzUtils.m in Sources */ = {isa = PBXBuildFile; fileRef = 3C00ADB31AB71B0B00EF6886 /* QuartzUtils.m */; };
		3C00ADD21AB71B1700EF6886 /* AppListXMLController.m in Sources */ = {isa = PBXBuildFile; fileRef = 3C00ADBB1AB71B1700EF6886 /* AppListXMLController.m */; };
		3C00ADD31AB71B1700EF6886 /* ApproveXMLController.m in Sources */ = {isa = PBXBuildFile; fileRef = 3C00ADBD1AB71B1700EF6886 /* ApproveXMLController.m */; };
		3C00ADD41AB71B1700EF6886 /* BaseXMLController.m in Sources */ = {isa = PBXBuildFile; fileRef = 3C00ADBF1AB71B1700EF6886 /* BaseXMLController.m */; };
		3C00ADD51AB71B1700EF6886 /* DetailXMLController.m in Sources */ = {isa = PBXBuildFile; fileRef = 3C00ADC11AB71B1700EF6886 /* DetailXMLController.m */; };
		3C00ADD61AB71B1700EF6886 /* PostSignXMLController.m in Sources */ = {isa = PBXBuildFile; fileRef = 3C00ADC31AB71B1700EF6886 /* PostSignXMLController.m */; };
		3C00ADD71AB71B1700EF6886 /* PreSignXMLController.m in Sources */ = {isa = PBXBuildFile; fileRef = 3C00ADC51AB71B1700EF6886 /* PreSignXMLController.m */; };
		3C00ADD81AB71B1700EF6886 /* PreviewXMLController.m in Sources */ = {isa = PBXBuildFile; fileRef = 3C00ADC71AB71B1700EF6886 /* PreviewXMLController.m */; };
		3C00ADD91AB71B1700EF6886 /* RejectXMLController.m in Sources */ = {isa = PBXBuildFile; fileRef = 3C00ADC91AB71B1700EF6886 /* RejectXMLController.m */; };
		3C00ADDA1AB71B1700EF6886 /* RequestListXMLController.m in Sources */ = {isa = PBXBuildFile; fileRef = 3C00ADCB1AB71B1700EF6886 /* RequestListXMLController.m */; };
		3C00ADDB1AB71B1700EF6886 /* RequestSignerController.m in Sources */ = {isa = PBXBuildFile; fileRef = 3C00ADCD1AB71B1700EF6886 /* RequestSignerController.m */; };
		3C00ADDC1AB71B1700EF6886 /* WSDataController.m in Sources */ = {isa = PBXBuildFile; fileRef = 3C00ADCF1AB71B1700EF6886 /* WSDataController.m */; };
		3C00ADDD1AB71B1700EF6886 /* XMLController.m in Sources */ = {isa = PBXBuildFile; fileRef = 3C00ADD11AB71B1700EF6886 /* XMLController.m */; };
		3C00ADE01AB71B3100EF6886 /* NSDate+Utils.m in Sources */ = {isa = PBXBuildFile; fileRef = 3C00ADDF1AB71B3100EF6886 /* NSDate+Utils.m */; };
		3C00ADE31AB71B4400EF6886 /* NSDateFormatter+Utils.m in Sources */ = {isa = PBXBuildFile; fileRef = 3C00ADE21AB71B4400EF6886 /* NSDateFormatter+Utils.m */; };
		3C00ADE61AB71B5300EF6886 /* NSData+Base64.m in Sources */ = {isa = PBXBuildFile; fileRef = 3C00ADE51AB71B5300EF6886 /* NSData+Base64.m */; };
		3C0A7EBF1AB19DBE00F793AA /* KeyboardObserver.m in Sources */ = {isa = PBXBuildFile; fileRef = 3C0A7EBE1AB19DBE00F793AA /* KeyboardObserver.m */; };
		3CA898F31AA5BD210035012D /* MainStoryboard_iPad.storyboard in Resources */ = {isa = PBXBuildFile; fileRef = 3CA898F11AA5BD210035012D /* MainStoryboard_iPad.storyboard */; };
		3CA898F41AA5BD210035012D /* MainStoryboard_iPhone.storyboard in Resources */ = {isa = PBXBuildFile; fileRef = 3CA898F21AA5BD210035012D /* MainStoryboard_iPhone.storyboard */; };
		3CA898F61AA5BEA80035012D /* main_assets.xcassets in Resources */ = {isa = PBXBuildFile; fileRef = 3CA898F51AA5BEA80035012D /* main_assets.xcassets */; };
		3CA898FB1AA605B70035012D /* config.plist in Resources */ = {isa = PBXBuildFile; fileRef = 3CA898F81AA605B70035012D /* config.plist */; };
		3CA898FC1AA605B70035012D /* PortaFirmasUniv.entitlements in Resources */ = {isa = PBXBuildFile; fileRef = 3CA898F91AA605B70035012D /* PortaFirmasUniv.entitlements */; };
		3CA899051AA605C60035012D /* ANF_PF_Activo.pfx in Resources */ = {isa = PBXBuildFile; fileRef = 3CA898FF1AA605C60035012D /* ANF_PF_Activo.pfx */; };
		3CA899061AA605C60035012D /* CAMERFIRMA PF Apoderado HW Clave PSC Activo.p12 in Resources */ = {isa = PBXBuildFile; fileRef = 3CA899001AA605C60035012D /* CAMERFIRMA PF Apoderado HW Clave PSC Activo.p12 */; };
		3CA899071AA605C60035012D /* CATCERT AL PF Identidad y Firma Reconocida de Clase 1 Activo.p12 in Resources */ = {isa = PBXBuildFile; fileRef = 3CA899011AA605C60035012D /* CATCERT AL PF Identidad y Firma Reconocida de Clase 1 Activo.p12 */; };
		3CA899081AA605C60035012D /* CATCERT GENCAT SAFP PF Identidad y Firma Reconocida de Clase 1 Activo.p12 in Resources */ = {isa = PBXBuildFile; fileRef = 3CA899021AA605C60035012D /* CATCERT GENCAT SAFP PF Identidad y Firma Reconocida de Clase 1 Activo.p12 */; };
		3CA899091AA605C60035012D /* Certificado-pruebas - ANF-Activo.p12 in Resources */ = {isa = PBXBuildFile; fileRef = 3CA899031AA605C60035012D /* Certificado-pruebas - ANF-Activo.p12 */; };
		3CA8990A1AA605C60035012D /* PFActivoFirSHA1.pfx in Resources */ = {isa = PBXBuildFile; fileRef = 3CA899041AA605C60035012D /* PFActivoFirSHA1.pfx */; };
		3CA899101AA606E90035012D /* prueba.xml in Resources */ = {isa = PBXBuildFile; fileRef = 3CA8990F1AA606E90035012D /* prueba.xml */; };
		3CA899151AA607840035012D /* configPRE in Resources */ = {isa = PBXBuildFile; fileRef = 3CA899121AA607840035012D /* configPRE */; };
		3CA899161AA607840035012D /* iTunesArtwork in Resources */ = {isa = PBXBuildFile; fileRef = 3CA899131AA607840035012D /* iTunesArtwork */; };
		3CA899171AA607840035012D /* iTunesArtwork@2x in Resources */ = {isa = PBXBuildFile; fileRef = 3CA899141AA607840035012D /* iTunesArtwork@2x */; };
		3CA899601AA60E6C0035012D /* RequestCell.m in Sources */ = {isa = PBXBuildFile; fileRef = 3CA8995D1AA60E6C0035012D /* RequestCell.m */; };
		3CA899611AA60E6C0035012D /* RequestCellNoUI.m in Sources */ = {isa = PBXBuildFile; fileRef = 3CA8995F1AA60E6C0035012D /* RequestCellNoUI.m */; };
		3CB68F611AB81BAD00BEB067 /* ServersListCell.m in Sources */ = {isa = PBXBuildFile; fileRef = 3CB68F601AB81BAD00BEB067 /* ServersListCell.m */; };
		3CC403671AB96D05006F8803 /* PFBaseTVC.m in Sources */ = {isa = PBXBuildFile; fileRef = 3CC403641AB96D05006F8803 /* PFBaseTVC.m */; };
		3CC403681AB96D05006F8803 /* PFBaseVC.m in Sources */ = {isa = PBXBuildFile; fileRef = 3CC403661AB96D05006F8803 /* PFBaseVC.m */; };
		3CC4036D1AB96D0F006F8803 /* AddServerVC.m in Sources */ = {isa = PBXBuildFile; fileRef = 3CC4036A1AB96D0F006F8803 /* AddServerVC.m */; };
		3CC4036E1AB96D0F006F8803 /* ServerListTVC.m in Sources */ = {isa = PBXBuildFile; fileRef = 3CC4036C1AB96D0F006F8803 /* ServerListTVC.m */; };
		3CC403771AB96D18006F8803 /* DocumentCertificatesViewController.m in Sources */ = {isa = PBXBuildFile; fileRef = 3CC403701AB96D18006F8803 /* DocumentCertificatesViewController.m */; };
		3CC403781AB96D18006F8803 /* LoginViewController.m in Sources */ = {isa = PBXBuildFile; fileRef = 3CC403721AB96D18006F8803 /* LoginViewController.m */; };
		3CC403791AB96D18006F8803 /* ModalCertificatesController.m in Sources */ = {isa = PBXBuildFile; fileRef = 3CC403741AB96D18006F8803 /* ModalCertificatesController.m */; };
		3CC4037A1AB96D18006F8803 /* NoCertificatesViewController.m in Sources */ = {isa = PBXBuildFile; fileRef = 3CC403761AB96D18006F8803 /* NoCertificatesViewController.m */; };
		3CC4037D1AB96D29006F8803 /* SettingsVC.m in Sources */ = {isa = PBXBuildFile; fileRef = 3CC4037C1AB96D29006F8803 /* SettingsVC.m */; };
		3CC403801AB979FE006F8803 /* OpenSSLCertificateHelper.m in Sources */ = {isa = PBXBuildFile; fileRef = 3CC4037F1AB979FE006F8803 /* OpenSSLCertificateHelper.m */; };
		3CC403831AB9BB12006F8803 /* PFCertificateInfo.m in Sources */ = {isa = PBXBuildFile; fileRef = 3CC403821AB9BB12006F8803 /* PFCertificateInfo.m */; };
		3CC403861AB9EDBA006F8803 /* CertificateCell.m in Sources */ = {isa = PBXBuildFile; fileRef = 3CC403851AB9EDBA006F8803 /* CertificateCell.m */; };
		3CD199A51AC2C952007E9E35 /* UINavigationController+Utils.m in Sources */ = {isa = PBXBuildFile; fileRef = 3CD199A41AC2C952007E9E35 /* UINavigationController+Utils.m */; };
		680624F0EFA088886CC7D3AF /* libPods-PortaFirmasUniv.a in Frameworks */ = {isa = PBXBuildFile; fileRef = 0B0AB1FC550AD40D1B409970 /* libPods-PortaFirmasUniv.a */; };
/* End PBXBuildFile section */

/* Begin PBXFileReference section */
		0B0AB1FC550AD40D1B409970 /* libPods-PortaFirmasUniv.a */ = {isa = PBXFileReference; explicitFileType = archive.ar; includeInIndex = 0; path = "libPods-PortaFirmasUniv.a"; sourceTree = BUILT_PRODUCTS_DIR; };
		15A8BEA55CB6DAE958EE4AEF /* Pods-PortaFirmasUniv.release.xcconfig */ = {isa = PBXFileReference; includeInIndex = 1; lastKnownFileType = text.xcconfig; name = "Pods-PortaFirmasUniv.release.xcconfig"; path = "Pods/Target Support Files/Pods-PortaFirmasUniv/Pods-PortaFirmasUniv.release.xcconfig"; sourceTree = "<group>"; };
		1C9F200F163E93C3007A170B /* Port@firmas.app */ = {isa = PBXFileReference; explicitFileType = wrapper.application; includeInIndex = 0; path = "Port@firmas.app"; sourceTree = BUILT_PRODUCTS_DIR; };
		1C9F2013163E93C3007A170B /* UIKit.framework */ = {isa = PBXFileReference; lastKnownFileType = wrapper.framework; name = UIKit.framework; path = System/Library/Frameworks/UIKit.framework; sourceTree = SDKROOT; };
		1C9F2015163E93C3007A170B /* Foundation.framework */ = {isa = PBXFileReference; lastKnownFileType = wrapper.framework; name = Foundation.framework; path = System/Library/Frameworks/Foundation.framework; sourceTree = SDKROOT; };
		1C9F2017163E93C3007A170B /* CoreGraphics.framework */ = {isa = PBXFileReference; lastKnownFileType = wrapper.framework; name = CoreGraphics.framework; path = System/Library/Frameworks/CoreGraphics.framework; sourceTree = SDKROOT; };
		1C9F206E163E95E9007A170B /* Security.framework */ = {isa = PBXFileReference; lastKnownFileType = wrapper.framework; name = Security.framework; path = System/Library/Frameworks/Security.framework; sourceTree = SDKROOT; };
		3C00AD671AB71A0700EF6886 /* SettingsCell.h */ = {isa = PBXFileReference; fileEncoding = 4; lastKnownFileType = sourcecode.c.h; path = SettingsCell.h; sourceTree = "<group>"; };
		3C00AD681AB71A0700EF6886 /* SettingsCell.m */ = {isa = PBXFileReference; fileEncoding = 4; lastKnownFileType = sourcecode.c.objc; path = SettingsCell.m; sourceTree = "<group>"; };
		3C00AD6A1AB71A6300EF6886 /* AttachmentViewController.h */ = {isa = PBXFileReference; fileEncoding = 4; lastKnownFileType = sourcecode.c.h; path = AttachmentViewController.h; sourceTree = "<group>"; };
		3C00AD6B1AB71A6300EF6886 /* AttachmentViewController.m */ = {isa = PBXFileReference; fileEncoding = 4; lastKnownFileType = sourcecode.c.objc; path = AttachmentViewController.m; sourceTree = "<group>"; };
		3C00AD6C1AB71A6300EF6886 /* DetailTableViewController.h */ = {isa = PBXFileReference; fileEncoding = 4; lastKnownFileType = sourcecode.c.h; path = DetailTableViewController.h; sourceTree = "<group>"; };
		3C00AD6D1AB71A6300EF6886 /* DetailTableViewController.m */ = {isa = PBXFileReference; fileEncoding = 4; lastKnownFileType = sourcecode.c.objc; path = DetailTableViewController.m; sourceTree = "<group>"; };
		3C00AD6E1AB71A6300EF6886 /* PreviewViewController.h */ = {isa = PBXFileReference; fileEncoding = 4; lastKnownFileType = sourcecode.c.h; path = PreviewViewController.h; sourceTree = "<group>"; };
		3C00AD6F1AB71A6300EF6886 /* PreviewViewController.m */ = {isa = PBXFileReference; fileEncoding = 4; lastKnownFileType = sourcecode.c.objc; path = PreviewViewController.m; sourceTree = "<group>"; };
		3C00AD701AB71A6300EF6886 /* ReceiversViewController.h */ = {isa = PBXFileReference; fileEncoding = 4; lastKnownFileType = sourcecode.c.h; path = ReceiversViewController.h; sourceTree = "<group>"; };
		3C00AD711AB71A6300EF6886 /* ReceiversViewController.m */ = {isa = PBXFileReference; fileEncoding = 4; lastKnownFileType = sourcecode.c.objc; path = ReceiversViewController.m; sourceTree = "<group>"; };
		3C00AD721AB71A6300EF6886 /* SendersViewController.h */ = {isa = PBXFileReference; fileEncoding = 4; lastKnownFileType = sourcecode.c.h; path = SendersViewController.h; sourceTree = "<group>"; };
		3C00AD731AB71A6300EF6886 /* SendersViewController.m */ = {isa = PBXFileReference; fileEncoding = 4; lastKnownFileType = sourcecode.c.objc; path = SendersViewController.m; sourceTree = "<group>"; };
		3C00AD791AB71A7A00EF6886 /* FilterVC.h */ = {isa = PBXFileReference; fileEncoding = 4; lastKnownFileType = sourcecode.c.h; path = FilterVC.h; sourceTree = "<group>"; };
		3C00AD7A1AB71A7A00EF6886 /* FilterVC.m */ = {isa = PBXFileReference; fileEncoding = 4; lastKnownFileType = sourcecode.c.objc; path = FilterVC.m; sourceTree = "<group>"; };
		3C00AD7C1AB71A8700EF6886 /* BaseListTVC.h */ = {isa = PBXFileReference; fileEncoding = 4; lastKnownFileType = sourcecode.c.h; path = BaseListTVC.h; sourceTree = "<group>"; };
		3C00AD7D1AB71A8700EF6886 /* BaseListTVC.m */ = {isa = PBXFileReference; fileEncoding = 4; lastKnownFileType = sourcecode.c.objc; path = BaseListTVC.m; sourceTree = "<group>"; };
		3C00AD7E1AB71A8700EF6886 /* ProcessedRequestViewController.h */ = {isa = PBXFileReference; fileEncoding = 4; lastKnownFileType = sourcecode.c.h; path = ProcessedRequestViewController.h; sourceTree = "<group>"; };
		3C00AD7F1AB71A8700EF6886 /* ProcessedRequestViewController.m */ = {isa = PBXFileReference; fileEncoding = 4; lastKnownFileType = sourcecode.c.objc; path = ProcessedRequestViewController.m; sourceTree = "<group>"; };
		3C00AD801AB71A8700EF6886 /* RejectedRequestViewController.h */ = {isa = PBXFileReference; fileEncoding = 4; lastKnownFileType = sourcecode.c.h; path = RejectedRequestViewController.h; sourceTree = "<group>"; };
		3C00AD811AB71A8700EF6886 /* RejectedRequestViewController.m */ = {isa = PBXFileReference; fileEncoding = 4; lastKnownFileType = sourcecode.c.objc; path = RejectedRequestViewController.m; sourceTree = "<group>"; };
		3C00AD821AB71A8700EF6886 /* UnassignedRequestTableViewController.h */ = {isa = PBXFileReference; fileEncoding = 4; lastKnownFileType = sourcecode.c.h; path = UnassignedRequestTableViewController.h; sourceTree = "<group>"; };
		3C00AD831AB71A8700EF6886 /* UnassignedRequestTableViewController.m */ = {isa = PBXFileReference; fileEncoding = 4; lastKnownFileType = sourcecode.c.objc; path = UnassignedRequestTableViewController.m; sourceTree = "<group>"; };
		3C00AD881AB71AB400EF6886 /* PFCellContentFactory.h */ = {isa = PBXFileReference; fileEncoding = 4; lastKnownFileType = sourcecode.c.h; path = PFCellContentFactory.h; sourceTree = "<group>"; };
		3C00AD891AB71AB400EF6886 /* PFCellContentFactory.m */ = {isa = PBXFileReference; fileEncoding = 4; lastKnownFileType = sourcecode.c.objc; path = PFCellContentFactory.m; sourceTree = "<group>"; };
		3C00AD8B1AB71ACB00EF6886 /* Detail.h */ = {isa = PBXFileReference; fileEncoding = 4; lastKnownFileType = sourcecode.c.h; path = Detail.h; sourceTree = "<group>"; };
		3C00AD8C1AB71ACB00EF6886 /* Detail.m */ = {isa = PBXFileReference; fileEncoding = 4; lastKnownFileType = sourcecode.c.objc; path = Detail.m; sourceTree = "<group>"; };
		3C00AD8D1AB71ACB00EF6886 /* Document.h */ = {isa = PBXFileReference; fileEncoding = 4; lastKnownFileType = sourcecode.c.h; path = Document.h; sourceTree = "<group>"; };
		3C00AD8E1AB71ACB00EF6886 /* Document.m */ = {isa = PBXFileReference; fileEncoding = 4; lastKnownFileType = sourcecode.c.objc; path = Document.m; sourceTree = "<group>"; };
		3C00AD8F1AB71ACB00EF6886 /* Param.h */ = {isa = PBXFileReference; fileEncoding = 4; lastKnownFileType = sourcecode.c.h; path = Param.h; sourceTree = "<group>"; };
		3C00AD901AB71ACB00EF6886 /* Param.m */ = {isa = PBXFileReference; fileEncoding = 4; lastKnownFileType = sourcecode.c.objc; path = Param.m; sourceTree = "<group>"; };
		3C00AD911AB71ACB00EF6886 /* PFRequest.h */ = {isa = PBXFileReference; fileEncoding = 4; lastKnownFileType = sourcecode.c.h; path = PFRequest.h; sourceTree = "<group>"; };
		3C00AD921AB71ACB00EF6886 /* PFRequest.m */ = {isa = PBXFileReference; fileEncoding = 4; lastKnownFileType = sourcecode.c.objc; path = PFRequest.m; sourceTree = "<group>"; };
		3C00AD931AB71ACB00EF6886 /* PFRequestResult.h */ = {isa = PBXFileReference; fileEncoding = 4; lastKnownFileType = sourcecode.c.h; path = PFRequestResult.h; sourceTree = "<group>"; };
		3C00AD941AB71ACB00EF6886 /* PFRequestResult.m */ = {isa = PBXFileReference; fileEncoding = 4; lastKnownFileType = sourcecode.c.objc; path = PFRequestResult.m; sourceTree = "<group>"; };
		3C00AD951AB71ACB00EF6886 /* Preview.h */ = {isa = PBXFileReference; fileEncoding = 4; lastKnownFileType = sourcecode.c.h; path = Preview.h; sourceTree = "<group>"; };
		3C00AD961AB71ACB00EF6886 /* Preview.m */ = {isa = PBXFileReference; fileEncoding = 4; lastKnownFileType = sourcecode.c.objc; path = Preview.m; sourceTree = "<group>"; };
		3C00AD971AB71ACB00EF6886 /* SignLine.h */ = {isa = PBXFileReference; fileEncoding = 4; lastKnownFileType = sourcecode.c.h; path = SignLine.h; sourceTree = "<group>"; };
		3C00AD981AB71ACB00EF6886 /* SignLine.m */ = {isa = PBXFileReference; fileEncoding = 4; lastKnownFileType = sourcecode.c.objc; path = SignLine.m; sourceTree = "<group>"; };
		3C00ADA01AB71AD800EF6886 /* AppDelegate.h */ = {isa = PBXFileReference; fileEncoding = 4; lastKnownFileType = sourcecode.c.h; name = AppDelegate.h; path = main/AppDelegate.h; sourceTree = "<group>"; };
		3C00ADA11AB71AD800EF6886 /* AppDelegate.m */ = {isa = PBXFileReference; fileEncoding = 4; lastKnownFileType = sourcecode.c.objc; name = AppDelegate.m; path = main/AppDelegate.m; sourceTree = "<group>"; };
		3C00ADA21AB71AD800EF6886 /* main.m */ = {isa = PBXFileReference; fileEncoding = 4; lastKnownFileType = sourcecode.c.objc; name = main.m; path = main/main.m; sourceTree = "<group>"; };
		3C00ADA31AB71AD800EF6886 /* PortaFirmasUniv-Info.plist */ = {isa = PBXFileReference; fileEncoding = 4; lastKnownFileType = text.plist.xml; name = "PortaFirmasUniv-Info.plist"; path = "main/PortaFirmasUniv-Info.plist"; sourceTree = "<group>"; };
		3C00ADA41AB71AD800EF6886 /* PortaFirmasUniv-Prefix.pch */ = {isa = PBXFileReference; fileEncoding = 4; lastKnownFileType = sourcecode.c.h; name = "PortaFirmasUniv-Prefix.pch"; path = "main/PortaFirmasUniv-Prefix.pch"; sourceTree = "<group>"; };
		3C00ADA81AB71B0B00EF6886 /* Base64Utils.h */ = {isa = PBXFileReference; fileEncoding = 4; lastKnownFileType = sourcecode.c.h; path = Base64Utils.h; sourceTree = "<group>"; };
		3C00ADA91AB71B0B00EF6886 /* Base64Utils.m */ = {isa = PBXFileReference; fileEncoding = 4; lastKnownFileType = sourcecode.c.objc; path = Base64Utils.m; sourceTree = "<group>"; };
		3C00ADAA1AB71B0B00EF6886 /* CertificateUtils.h */ = {isa = PBXFileReference; fileEncoding = 4; lastKnownFileType = sourcecode.c.h; path = CertificateUtils.h; sourceTree = "<group>"; };
		3C00ADAB1AB71B0B00EF6886 /* CertificateUtils.m */ = {isa = PBXFileReference; fileEncoding = 4; lastKnownFileType = sourcecode.c.objc; path = CertificateUtils.m; sourceTree = "<group>"; };
		3C00ADAC1AB71B0B00EF6886 /* ColorChart.h */ = {isa = PBXFileReference; fileEncoding = 4; lastKnownFileType = sourcecode.c.h; path = ColorChart.h; sourceTree = "<group>"; };
		3C00ADAD1AB71B0B00EF6886 /* ColorChart.m */ = {isa = PBXFileReference; fileEncoding = 4; lastKnownFileType = sourcecode.c.objc; path = ColorChart.m; sourceTree = "<group>"; };
		3C00ADAE1AB71B0B00EF6886 /* DateHelper.h */ = {isa = PBXFileReference; fileEncoding = 4; lastKnownFileType = sourcecode.c.h; path = DateHelper.h; sourceTree = "<group>"; };
		3C00ADAF1AB71B0B00EF6886 /* DateHelper.m */ = {isa = PBXFileReference; fileEncoding = 4; lastKnownFileType = sourcecode.c.objc; path = DateHelper.m; sourceTree = "<group>"; };
		3C00ADB01AB71B0B00EF6886 /* PFHelper.h */ = {isa = PBXFileReference; fileEncoding = 4; lastKnownFileType = sourcecode.c.h; path = PFHelper.h; sourceTree = "<group>"; };
		3C00ADB11AB71B0B00EF6886 /* PFHelper.m */ = {isa = PBXFileReference; fileEncoding = 4; lastKnownFileType = sourcecode.c.objc; path = PFHelper.m; sourceTree = "<group>"; };
		3C00ADB21AB71B0B00EF6886 /* QuartzUtils.h */ = {isa = PBXFileReference; fileEncoding = 4; lastKnownFileType = sourcecode.c.h; path = QuartzUtils.h; sourceTree = "<group>"; };
		3C00ADB31AB71B0B00EF6886 /* QuartzUtils.m */ = {isa = PBXFileReference; fileEncoding = 4; lastKnownFileType = sourcecode.c.objc; path = QuartzUtils.m; sourceTree = "<group>"; };
		3C00ADBA1AB71B1700EF6886 /* AppListXMLController.h */ = {isa = PBXFileReference; fileEncoding = 4; lastKnownFileType = sourcecode.c.h; path = AppListXMLController.h; sourceTree = "<group>"; };
		3C00ADBB1AB71B1700EF6886 /* AppListXMLController.m */ = {isa = PBXFileReference; fileEncoding = 4; lastKnownFileType = sourcecode.c.objc; path = AppListXMLController.m; sourceTree = "<group>"; };
		3C00ADBC1AB71B1700EF6886 /* ApproveXMLController.h */ = {isa = PBXFileReference; fileEncoding = 4; lastKnownFileType = sourcecode.c.h; path = ApproveXMLController.h; sourceTree = "<group>"; };
		3C00ADBD1AB71B1700EF6886 /* ApproveXMLController.m */ = {isa = PBXFileReference; fileEncoding = 4; lastKnownFileType = sourcecode.c.objc; path = ApproveXMLController.m; sourceTree = "<group>"; };
		3C00ADBE1AB71B1700EF6886 /* BaseXMLController.h */ = {isa = PBXFileReference; fileEncoding = 4; lastKnownFileType = sourcecode.c.h; path = BaseXMLController.h; sourceTree = "<group>"; };
		3C00ADBF1AB71B1700EF6886 /* BaseXMLController.m */ = {isa = PBXFileReference; fileEncoding = 4; lastKnownFileType = sourcecode.c.objc; path = BaseXMLController.m; sourceTree = "<group>"; };
		3C00ADC01AB71B1700EF6886 /* DetailXMLController.h */ = {isa = PBXFileReference; fileEncoding = 4; lastKnownFileType = sourcecode.c.h; path = DetailXMLController.h; sourceTree = "<group>"; };
		3C00ADC11AB71B1700EF6886 /* DetailXMLController.m */ = {isa = PBXFileReference; fileEncoding = 4; lastKnownFileType = sourcecode.c.objc; path = DetailXMLController.m; sourceTree = "<group>"; };
		3C00ADC21AB71B1700EF6886 /* PostSignXMLController.h */ = {isa = PBXFileReference; fileEncoding = 4; lastKnownFileType = sourcecode.c.h; path = PostSignXMLController.h; sourceTree = "<group>"; };
		3C00ADC31AB71B1700EF6886 /* PostSignXMLController.m */ = {isa = PBXFileReference; fileEncoding = 4; lastKnownFileType = sourcecode.c.objc; path = PostSignXMLController.m; sourceTree = "<group>"; };
		3C00ADC41AB71B1700EF6886 /* PreSignXMLController.h */ = {isa = PBXFileReference; fileEncoding = 4; lastKnownFileType = sourcecode.c.h; path = PreSignXMLController.h; sourceTree = "<group>"; };
		3C00ADC51AB71B1700EF6886 /* PreSignXMLController.m */ = {isa = PBXFileReference; fileEncoding = 4; lastKnownFileType = sourcecode.c.objc; path = PreSignXMLController.m; sourceTree = "<group>"; };
		3C00ADC61AB71B1700EF6886 /* PreviewXMLController.h */ = {isa = PBXFileReference; fileEncoding = 4; lastKnownFileType = sourcecode.c.h; path = PreviewXMLController.h; sourceTree = "<group>"; };
		3C00ADC71AB71B1700EF6886 /* PreviewXMLController.m */ = {isa = PBXFileReference; fileEncoding = 4; lastKnownFileType = sourcecode.c.objc; path = PreviewXMLController.m; sourceTree = "<group>"; };
		3C00ADC81AB71B1700EF6886 /* RejectXMLController.h */ = {isa = PBXFileReference; fileEncoding = 4; lastKnownFileType = sourcecode.c.h; path = RejectXMLController.h; sourceTree = "<group>"; };
		3C00ADC91AB71B1700EF6886 /* RejectXMLController.m */ = {isa = PBXFileReference; fileEncoding = 4; lastKnownFileType = sourcecode.c.objc; path = RejectXMLController.m; sourceTree = "<group>"; };
		3C00ADCA1AB71B1700EF6886 /* RequestListXMLController.h */ = {isa = PBXFileReference; fileEncoding = 4; lastKnownFileType = sourcecode.c.h; path = RequestListXMLController.h; sourceTree = "<group>"; };
		3C00ADCB1AB71B1700EF6886 /* RequestListXMLController.m */ = {isa = PBXFileReference; fileEncoding = 4; lastKnownFileType = sourcecode.c.objc; path = RequestListXMLController.m; sourceTree = "<group>"; };
		3C00ADCC1AB71B1700EF6886 /* RequestSignerController.h */ = {isa = PBXFileReference; fileEncoding = 4; lastKnownFileType = sourcecode.c.h; path = RequestSignerController.h; sourceTree = "<group>"; };
		3C00ADCD1AB71B1700EF6886 /* RequestSignerController.m */ = {isa = PBXFileReference; fileEncoding = 4; lastKnownFileType = sourcecode.c.objc; path = RequestSignerController.m; sourceTree = "<group>"; };
		3C00ADCE1AB71B1700EF6886 /* WSDataController.h */ = {isa = PBXFileReference; fileEncoding = 4; lastKnownFileType = sourcecode.c.h; path = WSDataController.h; sourceTree = "<group>"; };
		3C00ADCF1AB71B1700EF6886 /* WSDataController.m */ = {isa = PBXFileReference; fileEncoding = 4; lastKnownFileType = sourcecode.c.objc; path = WSDataController.m; sourceTree = "<group>"; };
		3C00ADD01AB71B1700EF6886 /* XMLController.h */ = {isa = PBXFileReference; fileEncoding = 4; lastKnownFileType = sourcecode.c.h; path = XMLController.h; sourceTree = "<group>"; };
		3C00ADD11AB71B1700EF6886 /* XMLController.m */ = {isa = PBXFileReference; fileEncoding = 4; lastKnownFileType = sourcecode.c.objc; path = XMLController.m; sourceTree = "<group>"; };
		3C00ADDE1AB71B3100EF6886 /* NSDate+Utils.h */ = {isa = PBXFileReference; fileEncoding = 4; lastKnownFileType = sourcecode.c.h; path = "NSDate+Utils.h"; sourceTree = "<group>"; };
		3C00ADDF1AB71B3100EF6886 /* NSDate+Utils.m */ = {isa = PBXFileReference; fileEncoding = 4; lastKnownFileType = sourcecode.c.objc; path = "NSDate+Utils.m"; sourceTree = "<group>"; };
		3C00ADE11AB71B4400EF6886 /* NSDateFormatter+Utils.h */ = {isa = PBXFileReference; fileEncoding = 4; lastKnownFileType = sourcecode.c.h; path = "NSDateFormatter+Utils.h"; sourceTree = "<group>"; };
		3C00ADE21AB71B4400EF6886 /* NSDateFormatter+Utils.m */ = {isa = PBXFileReference; fileEncoding = 4; lastKnownFileType = sourcecode.c.objc; path = "NSDateFormatter+Utils.m"; sourceTree = "<group>"; };
		3C00ADE41AB71B5300EF6886 /* NSData+Base64.h */ = {isa = PBXFileReference; fileEncoding = 4; lastKnownFileType = sourcecode.c.h; path = "NSData+Base64.h"; sourceTree = "<group>"; };
		3C00ADE51AB71B5300EF6886 /* NSData+Base64.m */ = {isa = PBXFileReference; fileEncoding = 4; lastKnownFileType = sourcecode.c.objc; path = "NSData+Base64.m"; sourceTree = "<group>"; };
		3C0A7EBD1AB19DBE00F793AA /* KeyboardObserver.h */ = {isa = PBXFileReference; fileEncoding = 4; lastKnownFileType = sourcecode.c.h; name = KeyboardObserver.h; path = lib/KeyboardObserver/KeyboardObserver.h; sourceTree = "<group>"; };
		3C0A7EBE1AB19DBE00F793AA /* KeyboardObserver.m */ = {isa = PBXFileReference; fileEncoding = 4; lastKnownFileType = sourcecode.c.objc; name = KeyboardObserver.m; path = lib/KeyboardObserver/KeyboardObserver.m; sourceTree = "<group>"; };
		3C3468B61AB73785008C6427 /* DefaultConstants.h */ = {isa = PBXFileReference; fileEncoding = 4; lastKnownFileType = sourcecode.c.h; path = DefaultConstants.h; sourceTree = "<group>"; };
		3CA898F11AA5BD210035012D /* MainStoryboard_iPad.storyboard */ = {isa = PBXFileReference; fileEncoding = 4; lastKnownFileType = file.storyboard; name = MainStoryboard_iPad.storyboard; path = res/storyboards/MainStoryboard_iPad.storyboard; sourceTree = "<group>"; };
		3CA898F21AA5BD210035012D /* MainStoryboard_iPhone.storyboard */ = {isa = PBXFileReference; fileEncoding = 4; lastKnownFileType = file.storyboard; name = MainStoryboard_iPhone.storyboard; path = res/storyboards/MainStoryboard_iPhone.storyboard; sourceTree = "<group>"; };
		3CA898F51AA5BEA80035012D /* main_assets.xcassets */ = {isa = PBXFileReference; lastKnownFileType = folder.assetcatalog; name = main_assets.xcassets; path = res/img/main_assets.xcassets; sourceTree = "<group>"; };
		3CA898F81AA605B70035012D /* config.plist */ = {isa = PBXFileReference; fileEncoding = 4; lastKnownFileType = text.plist.xml; name = config.plist; path = res/conf/config.plist; sourceTree = "<group>"; };
		3CA898F91AA605B70035012D /* PortaFirmasUniv.entitlements */ = {isa = PBXFileReference; fileEncoding = 4; lastKnownFileType = text.xml; name = PortaFirmasUniv.entitlements; path = res/conf/PortaFirmasUniv.entitlements; sourceTree = "<group>"; };
		3CA898FF1AA605C60035012D /* ANF_PF_Activo.pfx */ = {isa = PBXFileReference; lastKnownFileType = file; name = ANF_PF_Activo.pfx; path = res/cert/ANF_PF_Activo.pfx; sourceTree = "<group>"; };
		3CA899001AA605C60035012D /* CAMERFIRMA PF Apoderado HW Clave PSC Activo.p12 */ = {isa = PBXFileReference; lastKnownFileType = file; name = "CAMERFIRMA PF Apoderado HW Clave PSC Activo.p12"; path = "res/cert/CAMERFIRMA PF Apoderado HW Clave PSC Activo.p12"; sourceTree = "<group>"; };
		3CA899011AA605C60035012D /* CATCERT AL PF Identidad y Firma Reconocida de Clase 1 Activo.p12 */ = {isa = PBXFileReference; lastKnownFileType = file; name = "CATCERT AL PF Identidad y Firma Reconocida de Clase 1 Activo.p12"; path = "res/cert/CATCERT AL PF Identidad y Firma Reconocida de Clase 1 Activo.p12"; sourceTree = "<group>"; };
		3CA899021AA605C60035012D /* CATCERT GENCAT SAFP PF Identidad y Firma Reconocida de Clase 1 Activo.p12 */ = {isa = PBXFileReference; lastKnownFileType = file; name = "CATCERT GENCAT SAFP PF Identidad y Firma Reconocida de Clase 1 Activo.p12"; path = "res/cert/CATCERT GENCAT SAFP PF Identidad y Firma Reconocida de Clase 1 Activo.p12"; sourceTree = "<group>"; };
		3CA899031AA605C60035012D /* Certificado-pruebas - ANF-Activo.p12 */ = {isa = PBXFileReference; lastKnownFileType = file; name = "Certificado-pruebas - ANF-Activo.p12"; path = "res/cert/Certificado-pruebas - ANF-Activo.p12"; sourceTree = "<group>"; };
		3CA899041AA605C60035012D /* PFActivoFirSHA1.pfx */ = {isa = PBXFileReference; lastKnownFileType = file; name = PFActivoFirSHA1.pfx; path = res/cert/PFActivoFirSHA1.pfx; sourceTree = "<group>"; };
		3CA8990F1AA606E90035012D /* prueba.xml */ = {isa = PBXFileReference; fileEncoding = 4; lastKnownFileType = text.xml; name = prueba.xml; path = res/conf/prueba.xml; sourceTree = "<group>"; };
		3CA899121AA607840035012D /* configPRE */ = {isa = PBXFileReference; fileEncoding = 4; lastKnownFileType = text.xml; name = configPRE; path = res/conf/configPRE; sourceTree = "<group>"; };
		3CA899131AA607840035012D /* iTunesArtwork */ = {isa = PBXFileReference; lastKnownFileType = file; name = iTunesArtwork; path = res/conf/iTunesArtwork; sourceTree = "<group>"; };
		3CA899141AA607840035012D /* iTunesArtwork@2x */ = {isa = PBXFileReference; lastKnownFileType = file; name = "iTunesArtwork@2x"; path = "res/conf/iTunesArtwork@2x"; sourceTree = "<group>"; };
		3CA8995C1AA60E6B0035012D /* RequestCell.h */ = {isa = PBXFileReference; fileEncoding = 4; lastKnownFileType = sourcecode.c.h; path = RequestCell.h; sourceTree = "<group>"; };
		3CA8995D1AA60E6C0035012D /* RequestCell.m */ = {isa = PBXFileReference; fileEncoding = 4; lastKnownFileType = sourcecode.c.objc; path = RequestCell.m; sourceTree = "<group>"; };
		3CA8995E1AA60E6C0035012D /* RequestCellNoUI.h */ = {isa = PBXFileReference; fileEncoding = 4; lastKnownFileType = sourcecode.c.h; path = RequestCellNoUI.h; sourceTree = "<group>"; };
		3CA8995F1AA60E6C0035012D /* RequestCellNoUI.m */ = {isa = PBXFileReference; fileEncoding = 4; lastKnownFileType = sourcecode.c.objc; path = RequestCellNoUI.m; sourceTree = "<group>"; };
		3CB68F5F1AB81BAD00BEB067 /* ServersListCell.h */ = {isa = PBXFileReference; fileEncoding = 4; lastKnownFileType = sourcecode.c.h; path = ServersListCell.h; sourceTree = "<group>"; };
		3CB68F601AB81BAD00BEB067 /* ServersListCell.m */ = {isa = PBXFileReference; fileEncoding = 4; lastKnownFileType = sourcecode.c.objc; path = ServersListCell.m; sourceTree = "<group>"; };
		3CC403631AB96D05006F8803 /* PFBaseTVC.h */ = {isa = PBXFileReference; fileEncoding = 4; lastKnownFileType = sourcecode.c.h; path = PFBaseTVC.h; sourceTree = "<group>"; };
		3CC403641AB96D05006F8803 /* PFBaseTVC.m */ = {isa = PBXFileReference; fileEncoding = 4; lastKnownFileType = sourcecode.c.objc; path = PFBaseTVC.m; sourceTree = "<group>"; };
		3CC403651AB96D05006F8803 /* PFBaseVC.h */ = {isa = PBXFileReference; fileEncoding = 4; lastKnownFileType = sourcecode.c.h; path = PFBaseVC.h; sourceTree = "<group>"; };
		3CC403661AB96D05006F8803 /* PFBaseVC.m */ = {isa = PBXFileReference; fileEncoding = 4; lastKnownFileType = sourcecode.c.objc; path = PFBaseVC.m; sourceTree = "<group>"; };
		3CC403691AB96D0F006F8803 /* AddServerVC.h */ = {isa = PBXFileReference; fileEncoding = 4; lastKnownFileType = sourcecode.c.h; path = AddServerVC.h; sourceTree = "<group>"; };
		3CC4036A1AB96D0F006F8803 /* AddServerVC.m */ = {isa = PBXFileReference; fileEncoding = 4; lastKnownFileType = sourcecode.c.objc; path = AddServerVC.m; sourceTree = "<group>"; };
		3CC4036B1AB96D0F006F8803 /* ServerListTVC.h */ = {isa = PBXFileReference; fileEncoding = 4; lastKnownFileType = sourcecode.c.h; path = ServerListTVC.h; sourceTree = "<group>"; };
		3CC4036C1AB96D0F006F8803 /* ServerListTVC.m */ = {isa = PBXFileReference; fileEncoding = 4; lastKnownFileType = sourcecode.c.objc; path = ServerListTVC.m; sourceTree = "<group>"; };
		3CC4036F1AB96D18006F8803 /* DocumentCertificatesViewController.h */ = {isa = PBXFileReference; fileEncoding = 4; lastKnownFileType = sourcecode.c.h; path = DocumentCertificatesViewController.h; sourceTree = "<group>"; };
		3CC403701AB96D18006F8803 /* DocumentCertificatesViewController.m */ = {isa = PBXFileReference; fileEncoding = 4; lastKnownFileType = sourcecode.c.objc; path = DocumentCertificatesViewController.m; sourceTree = "<group>"; };
		3CC403711AB96D18006F8803 /* LoginViewController.h */ = {isa = PBXFileReference; fileEncoding = 4; lastKnownFileType = sourcecode.c.h; path = LoginViewController.h; sourceTree = "<group>"; };
		3CC403721AB96D18006F8803 /* LoginViewController.m */ = {isa = PBXFileReference; fileEncoding = 4; lastKnownFileType = sourcecode.c.objc; path = LoginViewController.m; sourceTree = "<group>"; };
		3CC403731AB96D18006F8803 /* ModalCertificatesController.h */ = {isa = PBXFileReference; fileEncoding = 4; lastKnownFileType = sourcecode.c.h; path = ModalCertificatesController.h; sourceTree = "<group>"; };
		3CC403741AB96D18006F8803 /* ModalCertificatesController.m */ = {isa = PBXFileReference; fileEncoding = 4; lastKnownFileType = sourcecode.c.objc; path = ModalCertificatesController.m; sourceTree = "<group>"; };
		3CC403751AB96D18006F8803 /* NoCertificatesViewController.h */ = {isa = PBXFileReference; fileEncoding = 4; lastKnownFileType = sourcecode.c.h; path = NoCertificatesViewController.h; sourceTree = "<group>"; };
		3CC403761AB96D18006F8803 /* NoCertificatesViewController.m */ = {isa = PBXFileReference; fileEncoding = 4; lastKnownFileType = sourcecode.c.objc; path = NoCertificatesViewController.m; sourceTree = "<group>"; };
		3CC4037B1AB96D29006F8803 /* SettingsVC.h */ = {isa = PBXFileReference; fileEncoding = 4; lastKnownFileType = sourcecode.c.h; path = SettingsVC.h; sourceTree = "<group>"; };
		3CC4037C1AB96D29006F8803 /* SettingsVC.m */ = {isa = PBXFileReference; fileEncoding = 4; lastKnownFileType = sourcecode.c.objc; path = SettingsVC.m; sourceTree = "<group>"; };
		3CC4037E1AB979FE006F8803 /* OpenSSLCertificateHelper.h */ = {isa = PBXFileReference; fileEncoding = 4; lastKnownFileType = sourcecode.c.h; path = OpenSSLCertificateHelper.h; sourceTree = "<group>"; };
		3CC4037F1AB979FE006F8803 /* OpenSSLCertificateHelper.m */ = {isa = PBXFileReference; fileEncoding = 4; lastKnownFileType = sourcecode.c.objc; path = OpenSSLCertificateHelper.m; sourceTree = "<group>"; };
		3CC403811AB9BB12006F8803 /* PFCertificateInfo.h */ = {isa = PBXFileReference; fileEncoding = 4; lastKnownFileType = sourcecode.c.h; path = PFCertificateInfo.h; sourceTree = "<group>"; };
		3CC403821AB9BB12006F8803 /* PFCertificateInfo.m */ = {isa = PBXFileReference; fileEncoding = 4; lastKnownFileType = sourcecode.c.objc; path = PFCertificateInfo.m; sourceTree = "<group>"; };
		3CC403841AB9EDBA006F8803 /* CertificateCell.h */ = {isa = PBXFileReference; fileEncoding = 4; lastKnownFileType = sourcecode.c.h; path = CertificateCell.h; sourceTree = "<group>"; };
		3CC403851AB9EDBA006F8803 /* CertificateCell.m */ = {isa = PBXFileReference; fileEncoding = 4; lastKnownFileType = sourcecode.c.objc; path = CertificateCell.m; sourceTree = "<group>"; };
		3CD199A31AC2C952007E9E35 /* UINavigationController+Utils.h */ = {isa = PBXFileReference; fileEncoding = 4; lastKnownFileType = sourcecode.c.h; name = "UINavigationController+Utils.h"; path = "UINavigationController/UINavigationController+Utils.h"; sourceTree = "<group>"; };
		3CD199A41AC2C952007E9E35 /* UINavigationController+Utils.m */ = {isa = PBXFileReference; fileEncoding = 4; lastKnownFileType = sourcecode.c.objc; name = "UINavigationController+Utils.m"; path = "UINavigationController/UINavigationController+Utils.m"; sourceTree = "<group>"; };
		EC829AE42246747508C5F8AC /* Pods-PortaFirmasUniv.debug.xcconfig */ = {isa = PBXFileReference; includeInIndex = 1; lastKnownFileType = text.xcconfig; name = "Pods-PortaFirmasUniv.debug.xcconfig"; path = "Pods/Target Support Files/Pods-PortaFirmasUniv/Pods-PortaFirmasUniv.debug.xcconfig"; sourceTree = "<group>"; };
/* End PBXFileReference section */

/* Begin PBXFrameworksBuildPhase section */
		1C9F200C163E93C3007A170B /* Frameworks */ = {
			isa = PBXFrameworksBuildPhase;
			buildActionMask = 2147483647;
			files = (
				1C9F206F163E95E9007A170B /* Security.framework in Frameworks */,
				1C9F2014163E93C3007A170B /* UIKit.framework in Frameworks */,
				1C9F2016163E93C3007A170B /* Foundation.framework in Frameworks */,
				1C9F2018163E93C3007A170B /* CoreGraphics.framework in Frameworks */,
				680624F0EFA088886CC7D3AF /* libPods-PortaFirmasUniv.a in Frameworks */,
			);
			runOnlyForDeploymentPostprocessing = 0;
		};
/* End PBXFrameworksBuildPhase section */

/* Begin PBXGroup section */
		1C9F2004163E93C3007A170B = {
			isa = PBXGroup;
			children = (
				3C0A7EBB1AB19DB200F793AA /* lib */,
				3CA898EE1AA5BC8D0035012D /* res */,
				3CA898EC1AA5BC740035012D /* src */,
				1C9F2012163E93C3007A170B /* Frameworks */,
				1C9F2010163E93C3007A170B /* Products */,
				80ACF7AF7AAE2C36FFD0E592 /* Pods */,
			);
			sourceTree = "<group>";
		};
		1C9F2010163E93C3007A170B /* Products */ = {
			isa = PBXGroup;
			children = (
				1C9F200F163E93C3007A170B /* Port@firmas.app */,
			);
			name = Products;
			sourceTree = "<group>";
		};
		1C9F2012163E93C3007A170B /* Frameworks */ = {
			isa = PBXGroup;
			children = (
				1C9F206E163E95E9007A170B /* Security.framework */,
				1C9F2013163E93C3007A170B /* UIKit.framework */,
				1C9F2015163E93C3007A170B /* Foundation.framework */,
				1C9F2017163E93C3007A170B /* CoreGraphics.framework */,
				0B0AB1FC550AD40D1B409970 /* libPods-PortaFirmasUniv.a */,
			);
			name = Frameworks;
			sourceTree = "<group>";
		};
		3C0A7EBB1AB19DB200F793AA /* lib */ = {
			isa = PBXGroup;
			children = (
				3C0A7EBC1AB19DB600F793AA /* KeyboardObserver */,
			);
			name = lib;
			sourceTree = "<group>";
		};
		3C0A7EBC1AB19DB600F793AA /* KeyboardObserver */ = {
			isa = PBXGroup;
			children = (
				3C0A7EBD1AB19DBE00F793AA /* KeyboardObserver.h */,
				3C0A7EBE1AB19DBE00F793AA /* KeyboardObserver.m */,
			);
			name = KeyboardObserver;
			sourceTree = "<group>";
		};
		3C30D3451AB71512007C859D /* settings */ = {
			isa = PBXGroup;
			children = (
				3CC4037B1AB96D29006F8803 /* SettingsVC.h */,
				3CC4037C1AB96D29006F8803 /* SettingsVC.m */,
				3CB68F5B1AB8191900BEB067 /* servers */,
				3C68F1121AA867CC00B32EF6 /* certificates */,
			);
			path = settings;
			sourceTree = "<group>";
		};
		3C3468B21AB732FA008C6427 /* base */ = {
			isa = PBXGroup;
			children = (
				3CC403631AB96D05006F8803 /* PFBaseTVC.h */,
				3CC403641AB96D05006F8803 /* PFBaseTVC.m */,
				3CC403651AB96D05006F8803 /* PFBaseVC.h */,
				3CC403661AB96D05006F8803 /* PFBaseVC.m */,
			);
			path = base;
			sourceTree = "<group>";
		};
		3C68F0F81AA866B700B32EF6 /* lists */ = {
			isa = PBXGroup;
			children = (
				3CBD304B1AB0948C00EE9839 /* filter */,
				3C00AD7C1AB71A8700EF6886 /* BaseListTVC.h */,
				3C00AD7D1AB71A8700EF6886 /* BaseListTVC.m */,
				3C00AD7E1AB71A8700EF6886 /* ProcessedRequestViewController.h */,
				3C00AD7F1AB71A8700EF6886 /* ProcessedRequestViewController.m */,
				3C00AD801AB71A8700EF6886 /* RejectedRequestViewController.h */,
				3C00AD811AB71A8700EF6886 /* RejectedRequestViewController.m */,
				3C00AD821AB71A8700EF6886 /* UnassignedRequestTableViewController.h */,
				3C00AD831AB71A8700EF6886 /* UnassignedRequestTableViewController.m */,
			);
			path = lists;
			sourceTree = "<group>";
		};
		3C68F1021AA8670100B32EF6 /* detail */ = {
			isa = PBXGroup;
			children = (
				3C00AD6A1AB71A6300EF6886 /* AttachmentViewController.h */,
				3C00AD6B1AB71A6300EF6886 /* AttachmentViewController.m */,
				3C00AD6C1AB71A6300EF6886 /* DetailTableViewController.h */,
				3C00AD6D1AB71A6300EF6886 /* DetailTableViewController.m */,
				3C00AD6E1AB71A6300EF6886 /* PreviewViewController.h */,
				3C00AD6F1AB71A6300EF6886 /* PreviewViewController.m */,
				3C00AD701AB71A6300EF6886 /* ReceiversViewController.h */,
				3C00AD711AB71A6300EF6886 /* ReceiversViewController.m */,
				3C00AD721AB71A6300EF6886 /* SendersViewController.h */,
				3C00AD731AB71A6300EF6886 /* SendersViewController.m */,
			);
			path = detail;
			sourceTree = "<group>";
		};
		3C68F1121AA867CC00B32EF6 /* certificates */ = {
			isa = PBXGroup;
			children = (
				3CC4036F1AB96D18006F8803 /* DocumentCertificatesViewController.h */,
				3CC403701AB96D18006F8803 /* DocumentCertificatesViewController.m */,
				3CC403711AB96D18006F8803 /* LoginViewController.h */,
				3CC403721AB96D18006F8803 /* LoginViewController.m */,
				3CC403731AB96D18006F8803 /* ModalCertificatesController.h */,
				3CC403741AB96D18006F8803 /* ModalCertificatesController.m */,
				3CC403751AB96D18006F8803 /* NoCertificatesViewController.h */,
				3CC403761AB96D18006F8803 /* NoCertificatesViewController.m */,
			);
			path = certificates;
			sourceTree = "<group>";
		};
		3C68F11F1AA8684F00B32EF6 /* factories */ = {
			isa = PBXGroup;
			children = (
				3C00AD881AB71AB400EF6886 /* PFCellContentFactory.h */,
				3C00AD891AB71AB400EF6886 /* PFCellContentFactory.m */,
			);
			path = factories;
			sourceTree = "<group>";
		};
		3CA4B3DA1AB1DE1C0082E480 /* NSDateFormatter */ = {
			isa = PBXGroup;
			children = (
				3C00ADE11AB71B4400EF6886 /* NSDateFormatter+Utils.h */,
				3C00ADE21AB71B4400EF6886 /* NSDateFormatter+Utils.m */,
			);
			path = NSDateFormatter;
			sourceTree = "<group>";
		};
		3CA4B3DE1AB1E2030082E480 /* NSDate */ = {
			isa = PBXGroup;
			children = (
				3C00ADDE1AB71B3100EF6886 /* NSDate+Utils.h */,
				3C00ADDF1AB71B3100EF6886 /* NSDate+Utils.m */,
			);
			path = NSDate;
			sourceTree = "<group>";
		};
		3CA898EC1AA5BC740035012D /* src */ = {
			isa = PBXGroup;
			children = (
				3CA898ED1AA5BC870035012D /* categories */,
				3CA899201AA607FB0035012D /* core */,
				3CA899111AA6073F0035012D /* main */,
				3CA899441AA60D910035012D /* model */,
				3CA8995A1AA60E020035012D /* ui */,
			);
			path = src;
			sourceTree = "<group>";
		};
		3CA898ED1AA5BC870035012D /* categories */ = {
			isa = PBXGroup;
			children = (
				3CD199A21AC2C90F007E9E35 /* UINavigationController */,
				3CA4B3DE1AB1E2030082E480 /* NSDate */,
				3CA4B3DA1AB1DE1C0082E480 /* NSDateFormatter */,
				3CA8990B1AA606750035012D /* NSData */,
			);
			path = categories;
			sourceTree = "<group>";
		};
		3CA898EE1AA5BC8D0035012D /* res */ = {
			isa = PBXGroup;
			children = (
				3CA898FE1AA605BC0035012D /* cert */,
				3CA898F71AA5D8780035012D /* conf */,
				3CA898F01AA5BCA00035012D /* storyboards */,
				3CA898EF1AA5BC960035012D /* img */,
			);
			name = res;
			sourceTree = "<group>";
		};
		3CA898EF1AA5BC960035012D /* img */ = {
			isa = PBXGroup;
			children = (
				3CA898F51AA5BEA80035012D /* main_assets.xcassets */,
			);
			name = img;
			sourceTree = "<group>";
		};
		3CA898F01AA5BCA00035012D /* storyboards */ = {
			isa = PBXGroup;
			children = (
				3CA898F11AA5BD210035012D /* MainStoryboard_iPad.storyboard */,
				3CA898F21AA5BD210035012D /* MainStoryboard_iPhone.storyboard */,
			);
			name = storyboards;
			sourceTree = "<group>";
		};
		3CA898F71AA5D8780035012D /* conf */ = {
			isa = PBXGroup;
			children = (
				3CA899121AA607840035012D /* configPRE */,
				3CA899131AA607840035012D /* iTunesArtwork */,
				3CA899141AA607840035012D /* iTunesArtwork@2x */,
				3CA8990F1AA606E90035012D /* prueba.xml */,
				3CA898F81AA605B70035012D /* config.plist */,
				3CA898F91AA605B70035012D /* PortaFirmasUniv.entitlements */,
			);
			name = conf;
			sourceTree = "<group>";
		};
		3CA898FE1AA605BC0035012D /* cert */ = {
			isa = PBXGroup;
			children = (
				3CA898FF1AA605C60035012D /* ANF_PF_Activo.pfx */,
				3CA899001AA605C60035012D /* CAMERFIRMA PF Apoderado HW Clave PSC Activo.p12 */,
				3CA899011AA605C60035012D /* CATCERT AL PF Identidad y Firma Reconocida de Clase 1 Activo.p12 */,
				3CA899021AA605C60035012D /* CATCERT GENCAT SAFP PF Identidad y Firma Reconocida de Clase 1 Activo.p12 */,
				3CA899031AA605C60035012D /* Certificado-pruebas - ANF-Activo.p12 */,
				3CA899041AA605C60035012D /* PFActivoFirSHA1.pfx */,
			);
			name = cert;
			sourceTree = "<group>";
		};
		3CA8990B1AA606750035012D /* NSData */ = {
			isa = PBXGroup;
			children = (
				3C00ADE41AB71B5300EF6886 /* NSData+Base64.h */,
				3C00ADE51AB71B5300EF6886 /* NSData+Base64.m */,
			);
			path = NSData;
			sourceTree = "<group>";
		};
		3CA899111AA6073F0035012D /* main */ = {
			isa = PBXGroup;
			children = (
				3C00ADA01AB71AD800EF6886 /* AppDelegate.h */,
				3C00ADA11AB71AD800EF6886 /* AppDelegate.m */,
				3C00ADA21AB71AD800EF6886 /* main.m */,
				3C00ADA31AB71AD800EF6886 /* PortaFirmasUniv-Info.plist */,
				3C00ADA41AB71AD800EF6886 /* PortaFirmasUniv-Prefix.pch */,
			);
			name = main;
			sourceTree = "<group>";
		};
		3CA899201AA607FB0035012D /* core */ = {
			isa = PBXGroup;
			children = (
				3CA899281AA60B0A0035012D /* business */,
				3CA899211AA608000035012D /* helpers */,
			);
			path = core;
			sourceTree = "<group>";
		};
		3CA899211AA608000035012D /* helpers */ = {
			isa = PBXGroup;
			children = (
				3C00ADA81AB71B0B00EF6886 /* Base64Utils.h */,
				3C00ADA91AB71B0B00EF6886 /* Base64Utils.m */,
				3C00ADAA1AB71B0B00EF6886 /* CertificateUtils.h */,
				3C00ADAB1AB71B0B00EF6886 /* CertificateUtils.m */,
				3C00ADAC1AB71B0B00EF6886 /* ColorChart.h */,
				3C00ADAD1AB71B0B00EF6886 /* ColorChart.m */,
				3C00ADAE1AB71B0B00EF6886 /* DateHelper.h */,
				3C00ADAF1AB71B0B00EF6886 /* DateHelper.m */,
				3C00ADB01AB71B0B00EF6886 /* PFHelper.h */,
				3C00ADB11AB71B0B00EF6886 /* PFHelper.m */,
				3C00ADB21AB71B0B00EF6886 /* QuartzUtils.h */,
				3C00ADB31AB71B0B00EF6886 /* QuartzUtils.m */,
				3C3468B61AB73785008C6427 /* DefaultConstants.h */,
				3CC4037E1AB979FE006F8803 /* OpenSSLCertificateHelper.h */,
				3CC4037F1AB979FE006F8803 /* OpenSSLCertificateHelper.m */,
			);
			path = helpers;
			sourceTree = "<group>";
		};
		3CA899281AA60B0A0035012D /* business */ = {
			isa = PBXGroup;
			children = (
				3C00ADBA1AB71B1700EF6886 /* AppListXMLController.h */,
				3C00ADBB1AB71B1700EF6886 /* AppListXMLController.m */,
				3C00ADBC1AB71B1700EF6886 /* ApproveXMLController.h */,
				3C00ADBD1AB71B1700EF6886 /* ApproveXMLController.m */,
				3C00ADBE1AB71B1700EF6886 /* BaseXMLController.h */,
				3C00ADBF1AB71B1700EF6886 /* BaseXMLController.m */,
				3C00ADC01AB71B1700EF6886 /* DetailXMLController.h */,
				3C00ADC11AB71B1700EF6886 /* DetailXMLController.m */,
				3C00ADC21AB71B1700EF6886 /* PostSignXMLController.h */,
				3C00ADC31AB71B1700EF6886 /* PostSignXMLController.m */,
				3C00ADC41AB71B1700EF6886 /* PreSignXMLController.h */,
				3C00ADC51AB71B1700EF6886 /* PreSignXMLController.m */,
				3C00ADC61AB71B1700EF6886 /* PreviewXMLController.h */,
				3C00ADC71AB71B1700EF6886 /* PreviewXMLController.m */,
				3C00ADC81AB71B1700EF6886 /* RejectXMLController.h */,
				3C00ADC91AB71B1700EF6886 /* RejectXMLController.m */,
				3C00ADCA1AB71B1700EF6886 /* RequestListXMLController.h */,
				3C00ADCB1AB71B1700EF6886 /* RequestListXMLController.m */,
				3C00ADCC1AB71B1700EF6886 /* RequestSignerController.h */,
				3C00ADCD1AB71B1700EF6886 /* RequestSignerController.m */,
				3C00ADCE1AB71B1700EF6886 /* WSDataController.h */,
				3C00ADCF1AB71B1700EF6886 /* WSDataController.m */,
				3C00ADD01AB71B1700EF6886 /* XMLController.h */,
				3C00ADD11AB71B1700EF6886 /* XMLController.m */,
			);
			path = business;
			sourceTree = "<group>";
		};
		3CA899441AA60D910035012D /* model */ = {
			isa = PBXGroup;
			children = (
				3C00AD8B1AB71ACB00EF6886 /* Detail.h */,
				3C00AD8C1AB71ACB00EF6886 /* Detail.m */,
				3C00AD8D1AB71ACB00EF6886 /* Document.h */,
				3C00AD8E1AB71ACB00EF6886 /* Document.m */,
				3C00AD8F1AB71ACB00EF6886 /* Param.h */,
				3C00AD901AB71ACB00EF6886 /* Param.m */,
				3C00AD911AB71ACB00EF6886 /* PFRequest.h */,
				3C00AD921AB71ACB00EF6886 /* PFRequest.m */,
				3C00AD931AB71ACB00EF6886 /* PFRequestResult.h */,
				3C00AD941AB71ACB00EF6886 /* PFRequestResult.m */,
				3C00AD951AB71ACB00EF6886 /* Preview.h */,
				3C00AD961AB71ACB00EF6886 /* Preview.m */,
				3C00AD971AB71ACB00EF6886 /* SignLine.h */,
				3C00AD981AB71ACB00EF6886 /* SignLine.m */,
				3CC403811AB9BB12006F8803 /* PFCertificateInfo.h */,
				3CC403821AB9BB12006F8803 /* PFCertificateInfo.m */,
			);
			path = model;
			sourceTree = "<group>";
		};
		3CA8995A1AA60E020035012D /* ui */ = {
			isa = PBXGroup;
			children = (
				3C68F11F1AA8684F00B32EF6 /* factories */,
				3CA899621AA60E710035012D /* controllers */,
				3CA8995B1AA60E250035012D /* cells */,
			);
			path = ui;
			sourceTree = "<group>";
		};
		3CA8995B1AA60E250035012D /* cells */ = {
			isa = PBXGroup;
			children = (
				3CA8995C1AA60E6B0035012D /* RequestCell.h */,
				3CA8995D1AA60E6C0035012D /* RequestCell.m */,
				3CA8995E1AA60E6C0035012D /* RequestCellNoUI.h */,
				3CA8995F1AA60E6C0035012D /* RequestCellNoUI.m */,
				3C00AD671AB71A0700EF6886 /* SettingsCell.h */,
				3C00AD681AB71A0700EF6886 /* SettingsCell.m */,
				3CB68F5F1AB81BAD00BEB067 /* ServersListCell.h */,
				3CB68F601AB81BAD00BEB067 /* ServersListCell.m */,
				3CC403841AB9EDBA006F8803 /* CertificateCell.h */,
				3CC403851AB9EDBA006F8803 /* CertificateCell.m */,
			);
			path = cells;
			sourceTree = "<group>";
		};
		3CA899621AA60E710035012D /* controllers */ = {
			isa = PBXGroup;
			children = (
				3C3468B21AB732FA008C6427 /* base */,
				3C30D3451AB71512007C859D /* settings */,
				3C68F1021AA8670100B32EF6 /* detail */,
				3C68F0F81AA866B700B32EF6 /* lists */,
			);
			path = controllers;
			sourceTree = "<group>";
		};
		3CB68F5B1AB8191900BEB067 /* servers */ = {
			isa = PBXGroup;
			children = (
				3CC403691AB96D0F006F8803 /* AddServerVC.h */,
				3CC4036A1AB96D0F006F8803 /* AddServerVC.m */,
				3CC4036B1AB96D0F006F8803 /* ServerListTVC.h */,
				3CC4036C1AB96D0F006F8803 /* ServerListTVC.m */,
			);
			path = servers;
			sourceTree = "<group>";
		};
		3CBD304B1AB0948C00EE9839 /* filter */ = {
			isa = PBXGroup;
			children = (
				3C00AD791AB71A7A00EF6886 /* FilterVC.h */,
				3C00AD7A1AB71A7A00EF6886 /* FilterVC.m */,
			);
			path = filter;
			sourceTree = "<group>";
		};
		3CD199A21AC2C90F007E9E35 /* UINavigationController */ = {
			isa = PBXGroup;
			children = (
				3CD199A31AC2C952007E9E35 /* UINavigationController+Utils.h */,
				3CD199A41AC2C952007E9E35 /* UINavigationController+Utils.m */,
			);
			name = UINavigationController;
			sourceTree = "<group>";
		};
		80ACF7AF7AAE2C36FFD0E592 /* Pods */ = {
			isa = PBXGroup;
			children = (
				EC829AE42246747508C5F8AC /* Pods-PortaFirmasUniv.debug.xcconfig */,
				15A8BEA55CB6DAE958EE4AEF /* Pods-PortaFirmasUniv.release.xcconfig */,
			);
			name = Pods;
			sourceTree = "<group>";
		};
/* End PBXGroup section */

/* Begin PBXNativeTarget section */
		1C9F200E163E93C3007A170B /* PortaFirmasUniv */ = {
			isa = PBXNativeTarget;
			buildConfigurationList = 1C9F2036163E93C3007A170B /* Build configuration list for PBXNativeTarget "PortaFirmasUniv" */;
			buildPhases = (
				3F867339C300D746BBD2ADA5 /* Check Pods Manifest.lock */,
				1C9F200B163E93C3007A170B /* Sources */,
				1C9F200C163E93C3007A170B /* Frameworks */,
				1C9F200D163E93C3007A170B /* Resources */,
				F8113EB2FF6A0CE21029AE4D /* Copy Pods Resources */,
			);
			buildRules = (
			);
			dependencies = (
			);
			name = PortaFirmasUniv;
			productName = PortaFirmasUniv;
			productReference = 1C9F200F163E93C3007A170B /* Port@firmas.app */;
			productType = "com.apple.product-type.application";
		};
/* End PBXNativeTarget section */

/* Begin PBXProject section */
		1C9F2006163E93C3007A170B /* Project object */ = {
			isa = PBXProject;
			attributes = {
				LastUpgradeCheck = 0450;
				ORGANIZATIONNAME = Atos;
			};
			buildConfigurationList = 1C9F2009163E93C3007A170B /* Build configuration list for PBXProject "PortaFirmasUniv" */;
			compatibilityVersion = "Xcode 3.2";
			developmentRegion = English;
			hasScannedForEncodings = 0;
			knownRegions = (
				en,
			);
			mainGroup = 1C9F2004163E93C3007A170B;
			productRefGroup = 1C9F2010163E93C3007A170B /* Products */;
			projectDirPath = "";
			projectRoot = "";
			targets = (
				1C9F200E163E93C3007A170B /* PortaFirmasUniv */,
			);
		};
/* End PBXProject section */

/* Begin PBXResourcesBuildPhase section */
		1C9F200D163E93C3007A170B /* Resources */ = {
			isa = PBXResourcesBuildPhase;
			buildActionMask = 2147483647;
			files = (
				3CA899061AA605C60035012D /* CAMERFIRMA PF Apoderado HW Clave PSC Activo.p12 in Resources */,
				3CA899101AA606E90035012D /* prueba.xml in Resources */,
				3CA8990A1AA605C60035012D /* PFActivoFirSHA1.pfx in Resources */,
				3CA898F31AA5BD210035012D /* MainStoryboard_iPad.storyboard in Resources */,
				3CA898FC1AA605B70035012D /* PortaFirmasUniv.entitlements in Resources */,
				3CA898F61AA5BEA80035012D /* main_assets.xcassets in Resources */,
				3CA899151AA607840035012D /* configPRE in Resources */,
				3CA898F41AA5BD210035012D /* MainStoryboard_iPhone.storyboard in Resources */,
				3CA899091AA605C60035012D /* Certificado-pruebas - ANF-Activo.p12 in Resources */,
				3CA899071AA605C60035012D /* CATCERT AL PF Identidad y Firma Reconocida de Clase 1 Activo.p12 in Resources */,
				3CA898FB1AA605B70035012D /* config.plist in Resources */,
				3CA899171AA607840035012D /* iTunesArtwork@2x in Resources */,
				3CA899051AA605C60035012D /* ANF_PF_Activo.pfx in Resources */,
				3CA899081AA605C60035012D /* CATCERT GENCAT SAFP PF Identidad y Firma Reconocida de Clase 1 Activo.p12 in Resources */,
				3CA899161AA607840035012D /* iTunesArtwork in Resources */,
			);
			runOnlyForDeploymentPostprocessing = 0;
		};
/* End PBXResourcesBuildPhase section */

/* Begin PBXShellScriptBuildPhase section */
		3F867339C300D746BBD2ADA5 /* Check Pods Manifest.lock */ = {
			isa = PBXShellScriptBuildPhase;
			buildActionMask = 2147483647;
			files = (
			);
			inputPaths = (
			);
			name = "Check Pods Manifest.lock";
			outputPaths = (
			);
			runOnlyForDeploymentPostprocessing = 0;
			shellPath = /bin/sh;
			shellScript = "diff \"${PODS_ROOT}/../Podfile.lock\" \"${PODS_ROOT}/Manifest.lock\" > /dev/null\nif [[ $? != 0 ]] ; then\n    cat << EOM\nerror: The sandbox is not in sync with the Podfile.lock. Run 'pod install' or update your CocoaPods installation.\nEOM\n    exit 1\nfi\n";
			showEnvVarsInLog = 0;
		};
		F8113EB2FF6A0CE21029AE4D /* Copy Pods Resources */ = {
			isa = PBXShellScriptBuildPhase;
			buildActionMask = 2147483647;
			files = (
			);
			inputPaths = (
			);
			name = "Copy Pods Resources";
			outputPaths = (
			);
			runOnlyForDeploymentPostprocessing = 0;
			shellPath = /bin/sh;
			shellScript = "\"${SRCROOT}/Pods/Target Support Files/Pods-PortaFirmasUniv/Pods-PortaFirmasUniv-resources.sh\"\n";
			showEnvVarsInLog = 0;
		};
/* End PBXShellScriptBuildPhase section */

/* Begin PBXSourcesBuildPhase section */
		1C9F200B163E93C3007A170B /* Sources */ = {
			isa = PBXSourcesBuildPhase;
			buildActionMask = 2147483647;
			files = (
				3C00ADD91AB71B1700EF6886 /* RejectXMLController.m in Sources */,
				3CC4037D1AB96D29006F8803 /* SettingsVC.m in Sources */,
				3C00ADE31AB71B4400EF6886 /* NSDateFormatter+Utils.m in Sources */,
				3C00ADB61AB71B0B00EF6886 /* ColorChart.m in Sources */,
				3C00AD9D1AB71ACB00EF6886 /* PFRequestResult.m in Sources */,
				3C00AD871AB71A8700EF6886 /* UnassignedRequestTableViewController.m in Sources */,
				3C00ADE01AB71B3100EF6886 /* NSDate+Utils.m in Sources */,
				3CA899601AA60E6C0035012D /* RequestCell.m in Sources */,
				3C00ADDA1AB71B1700EF6886 /* RequestListXMLController.m in Sources */,
				3C00AD751AB71A6300EF6886 /* DetailTableViewController.m in Sources */,
				3CC4036D1AB96D0F006F8803 /* AddServerVC.m in Sources */,
				3C00ADA61AB71AD800EF6886 /* main.m in Sources */,
				3CB68F611AB81BAD00BEB067 /* ServersListCell.m in Sources */,
				3C00AD9E1AB71ACB00EF6886 /* Preview.m in Sources */,
				3C00ADB51AB71B0B00EF6886 /* CertificateUtils.m in Sources */,
				3CC403861AB9EDBA006F8803 /* CertificateCell.m in Sources */,
				3C00AD741AB71A6300EF6886 /* AttachmentViewController.m in Sources */,
				3CC403771AB96D18006F8803 /* DocumentCertificatesViewController.m in Sources */,
				3C0A7EBF1AB19DBE00F793AA /* KeyboardObserver.m in Sources */,
				3C00ADD21AB71B1700EF6886 /* AppListXMLController.m in Sources */,
				3CC403681AB96D05006F8803 /* PFBaseVC.m in Sources */,
				3C00AD781AB71A6300EF6886 /* SendersViewController.m in Sources */,
				3CA899611AA60E6C0035012D /* RequestCellNoUI.m in Sources */,
				3C00AD691AB71A0700EF6886 /* SettingsCell.m in Sources */,
				3C00AD9F1AB71ACB00EF6886 /* SignLine.m in Sources */,
				3C00ADDC1AB71B1700EF6886 /* WSDataController.m in Sources */,
				3C00ADB91AB71B0B00EF6886 /* QuartzUtils.m in Sources */,
				3C00AD851AB71A8700EF6886 /* ProcessedRequestViewController.m in Sources */,
				3CC403781AB96D18006F8803 /* LoginViewController.m in Sources */,
				3CC4037A1AB96D18006F8803 /* NoCertificatesViewController.m in Sources */,
				3C00ADA51AB71AD800EF6886 /* AppDelegate.m in Sources */,
				3CC403671AB96D05006F8803 /* PFBaseTVC.m in Sources */,
				3C00AD8A1AB71AB400EF6886 /* PFCellContentFactory.m in Sources */,
				3C00ADDD1AB71B1700EF6886 /* XMLController.m in Sources */,
				3C00ADE61AB71B5300EF6886 /* NSData+Base64.m in Sources */,
				3C00AD9A1AB71ACB00EF6886 /* Document.m in Sources */,
				3C00ADDB1AB71B1700EF6886 /* RequestSignerController.m in Sources */,
				3C00AD761AB71A6300EF6886 /* PreviewViewController.m in Sources */,
				3C00ADD41AB71B1700EF6886 /* BaseXMLController.m in Sources */,
				3C00ADB81AB71B0B00EF6886 /* PFHelper.m in Sources */,
				3C00AD991AB71ACB00EF6886 /* Detail.m in Sources */,
				3C00ADB41AB71B0B00EF6886 /* Base64Utils.m in Sources */,
				3C00ADD51AB71B1700EF6886 /* DetailXMLController.m in Sources */,
				3CC403791AB96D18006F8803 /* ModalCertificatesController.m in Sources */,
				3CD199A51AC2C952007E9E35 /* UINavigationController+Utils.m in Sources */,
				3C00AD7B1AB71A7A00EF6886 /* FilterVC.m in Sources */,
				3C00ADB71AB71B0B00EF6886 /* DateHelper.m in Sources */,
				3C00AD771AB71A6300EF6886 /* ReceiversViewController.m in Sources */,
				3C00AD841AB71A8700EF6886 /* BaseListTVC.m in Sources */,
				3C00AD9C1AB71ACB00EF6886 /* PFRequest.m in Sources */,
				3C00ADD31AB71B1700EF6886 /* ApproveXMLController.m in Sources */,
				3CC4036E1AB96D0F006F8803 /* ServerListTVC.m in Sources */,
				3C00ADD71AB71B1700EF6886 /* PreSignXMLController.m in Sources */,
				3C00ADD61AB71B1700EF6886 /* PostSignXMLController.m in Sources */,
				3CC403801AB979FE006F8803 /* OpenSSLCertificateHelper.m in Sources */,
				3C00AD9B1AB71ACB00EF6886 /* Param.m in Sources */,
				3C00AD861AB71A8700EF6886 /* RejectedRequestViewController.m in Sources */,
				3CC403831AB9BB12006F8803 /* PFCertificateInfo.m in Sources */,
				3C00ADD81AB71B1700EF6886 /* PreviewXMLController.m in Sources */,
			);
			runOnlyForDeploymentPostprocessing = 0;
		};
/* End PBXSourcesBuildPhase section */

/* Begin XCBuildConfiguration section */
		1C9F2034163E93C3007A170B /* Debug */ = {
			isa = XCBuildConfiguration;
			baseConfigurationReference = EC829AE42246747508C5F8AC /* Pods-PortaFirmasUniv.debug.xcconfig */;
			buildSettings = {
				ALWAYS_SEARCH_USER_PATHS = NO;
				CLANG_CXX_LANGUAGE_STANDARD = "gnu++0x";
				CLANG_CXX_LIBRARY = "libc++";
				CLANG_ENABLE_OBJC_ARC = YES;
				CLANG_WARN_EMPTY_BODY = YES;
				CLANG_WARN__DUPLICATE_METHOD_MATCH = YES;
				CODE_SIGN_IDENTITY = iPhoneDeveloper;
				COPY_PHASE_STRIP = NO;
				GCC_C_LANGUAGE_STANDARD = gnu99;
				GCC_DYNAMIC_NO_PIC = NO;
				GCC_OPTIMIZATION_LEVEL = 0;
				GCC_PREPROCESSOR_DEFINITIONS = (
					"DEBUG=1",
					"$(inherited)",
				);
				GCC_SYMBOLS_PRIVATE_EXTERN = NO;
				GCC_WARN_ABOUT_RETURN_TYPE = YES;
				GCC_WARN_UNINITIALIZED_AUTOS = YES;
				GCC_WARN_UNUSED_VARIABLE = YES;
				IPHONEOS_DEPLOYMENT_TARGET = 5.1;
				ONLY_ACTIVE_ARCH = YES;
				SDKROOT = iphoneos;
				TARGETED_DEVICE_FAMILY = "1,2";
			};
			name = Debug;
		};
		1C9F2035163E93C3007A170B /* Release */ = {
			isa = XCBuildConfiguration;
			buildSettings = {
				ALWAYS_SEARCH_USER_PATHS = NO;
				CLANG_CXX_LANGUAGE_STANDARD = "gnu++0x";
				CLANG_CXX_LIBRARY = "libc++";
				CLANG_ENABLE_OBJC_ARC = YES;
				CLANG_WARN_EMPTY_BODY = YES;
				CLANG_WARN__DUPLICATE_METHOD_MATCH = YES;
				CODE_SIGN_IDENTITY = "iPhone Distribution";
				"CODE_SIGN_IDENTITY[sdk=*]" = "iPhone Distribution";
				"CODE_SIGN_IDENTITY[sdk=iphoneos6.0]" = "iPhone Distribution";
				COPY_PHASE_STRIP = YES;
				GCC_C_LANGUAGE_STANDARD = gnu99;
				GCC_WARN_ABOUT_RETURN_TYPE = YES;
				GCC_WARN_UNINITIALIZED_AUTOS = YES;
				GCC_WARN_UNUSED_VARIABLE = YES;
				IPHONEOS_DEPLOYMENT_TARGET = 5.1;
				OTHER_CFLAGS = "-DNS_BLOCK_ASSERTIONS=1";
				PROVISIONING_PROFILE = "";
				"PROVISIONING_PROFILE[sdk=*]" = "";
				"PROVISIONING_PROFILE[sdk=iphoneos6.0]" = "";
				SDKROOT = iphoneos;
				TARGETED_DEVICE_FAMILY = "1,2";
				VALIDATE_PRODUCT = YES;
			};
			name = Release;
		};
		1C9F2037163E93C3007A170B /* Debug */ = {
			isa = XCBuildConfiguration;
			baseConfigurationReference = EC829AE42246747508C5F8AC /* Pods-PortaFirmasUniv.debug.xcconfig */;
			buildSettings = {
				ASSETCATALOG_COMPILER_APPICON_NAME = AppIcon;
				ASSETCATALOG_COMPILER_LAUNCHIMAGE_NAME = LaunchImage;
				CODE_SIGN_ENTITLEMENTS = res/conf/PortaFirmasUniv.entitlements;
				CODE_SIGN_IDENTITY = "iPhone Developer";
				"CODE_SIGN_IDENTITY[sdk=iphoneos*]" = "iPhone Developer";
				GCC_PRECOMPILE_PREFIX_HEADER = YES;
				GCC_PREFIX_HEADER = "src/main/PortaFirmasUniv-Prefix.pch";
				INFOPLIST_FILE = "src/main/PortaFirmasUniv-Info.plist";
				IPHONEOS_DEPLOYMENT_TARGET = 6.1;
				PRODUCT_NAME = "Port@firmas";
				TARGETED_DEVICE_FAMILY = "1,2";
				WRAPPER_EXTENSION = app;
			};
			name = Debug;
		};
		1C9F2038163E93C3007A170B /* Release */ = {
			isa = XCBuildConfiguration;
			baseConfigurationReference = 15A8BEA55CB6DAE958EE4AEF /* Pods-PortaFirmasUniv.release.xcconfig */;
			buildSettings = {
				ASSETCATALOG_COMPILER_APPICON_NAME = AppIcon;
				ASSETCATALOG_COMPILER_LAUNCHIMAGE_NAME = LaunchImage;
				CODE_SIGN_ENTITLEMENTS = res/conf/PortaFirmasUniv.entitlements;
				CODE_SIGN_IDENTITY = "iPhone Distribution";
				"CODE_SIGN_IDENTITY[sdk=iphoneos*]" = "iPhone Distribution";
				GCC_PRECOMPILE_PREFIX_HEADER = YES;
				GCC_PREFIX_HEADER = "src/main/PortaFirmasUniv-Prefix.pch";
				INFOPLIST_FILE = "src/main/PortaFirmasUniv-Info.plist";
				IPHONEOS_DEPLOYMENT_TARGET = 6.1;
				PRODUCT_NAME = "Port@firmas";
				PROVISIONING_PROFILE = "";
				TARGETED_DEVICE_FAMILY = "1,2";
				WRAPPER_EXTENSION = app;
			};
			name = Release;
		};
/* End XCBuildConfiguration section */

/* Begin XCConfigurationList section */
		1C9F2009163E93C3007A170B /* Build configuration list for PBXProject "PortaFirmasUniv" */ = {
			isa = XCConfigurationList;
			buildConfigurations = (
				1C9F2034163E93C3007A170B /* Debug */,
				1C9F2035163E93C3007A170B /* Release */,
			);
			defaultConfigurationIsVisible = 0;
			defaultConfigurationName = Debug;
		};
		1C9F2036163E93C3007A170B /* Build configuration list for PBXNativeTarget "PortaFirmasUniv" */ = {
			isa = XCConfigurationList;
			buildConfigurations = (
				1C9F2037163E93C3007A170B /* Debug */,
				1C9F2038163E93C3007A170B /* Release */,
			);
			defaultConfigurationIsVisible = 0;
			defaultConfigurationName = Debug;
		};
/* End XCConfigurationList section */
	};
	rootObject = 1C9F2006163E93C3007A170B /* Project object */;
}
